// !$*UTF8*$!
{
	archiveVersion = 1;
	classes = {
	};
	objectVersion = 55;
	objects = {

/* Begin PBXBuildFile section */
		6350B1E028EAF81800E30444 /* CategoryHome.swift in Sources */ = {isa = PBXBuildFile; fileRef = 6350B1DF28EAF81800E30444 /* CategoryHome.swift */; };
		6350B1E228EAFC4700E30444 /* CategoryRow.swift in Sources */ = {isa = PBXBuildFile; fileRef = 6350B1E128EAFC4700E30444 /* CategoryRow.swift */; };
		6350B1E428EAFE4700E30444 /* CategoryItem.swift in Sources */ = {isa = PBXBuildFile; fileRef = 6350B1E328EAFE4700E30444 /* CategoryItem.swift */; };
		6350B1E628EB06D700E30444 /* Profile.swift in Sources */ = {isa = PBXBuildFile; fileRef = 6350B1E528EB06D700E30444 /* Profile.swift */; };
		6350B1E928EB07E500E30444 /* ProfileHost.swift in Sources */ = {isa = PBXBuildFile; fileRef = 6350B1E828EB07E500E30444 /* ProfileHost.swift */; };
		6350B1EB28EB085C00E30444 /* ProfileSummary.swift in Sources */ = {isa = PBXBuildFile; fileRef = 6350B1EA28EB085C00E30444 /* ProfileSummary.swift */; };
		6350B1ED28EB09B100E30444 /* HikeBadge.swift in Sources */ = {isa = PBXBuildFile; fileRef = 6350B1EC28EB09B100E30444 /* HikeBadge.swift */; };
		6350B1EF28EB145E00E30444 /* ProfileEditor.swift in Sources */ = {isa = PBXBuildFile; fileRef = 6350B1EE28EB145D00E30444 /* ProfileEditor.swift */; };
		6350B1F228EB203600E30444 /* PageViewController.swift in Sources */ = {isa = PBXBuildFile; fileRef = 6350B1F128EB203600E30444 /* PageViewController.swift */; };
		6350B1F428EB22FC00E30444 /* FeatureCard.swift in Sources */ = {isa = PBXBuildFile; fileRef = 6350B1F328EB22FC00E30444 /* FeatureCard.swift */; };
		6350B1F628EB249500E30444 /* PageView.swift in Sources */ = {isa = PBXBuildFile; fileRef = 6350B1F528EB249500E30444 /* PageView.swift */; };
		6350B1F828EB2EEA00E30444 /* PageControl.swift in Sources */ = {isa = PBXBuildFile; fileRef = 6350B1F728EB2EEA00E30444 /* PageControl.swift */; };
		63818E5728E834BF0039E1DE /* LandmarksApp.swift in Sources */ = {isa = PBXBuildFile; fileRef = 63818E5628E834BF0039E1DE /* LandmarksApp.swift */; };
		63818E5928E834BF0039E1DE /* ContentView.swift in Sources */ = {isa = PBXBuildFile; fileRef = 63818E5828E834BF0039E1DE /* ContentView.swift */; };
		63818E5B28E834C10039E1DE /* Assets.xcassets in Resources */ = {isa = PBXBuildFile; fileRef = 63818E5A28E834C10039E1DE /* Assets.xcassets */; };
		63818E5E28E834C10039E1DE /* Preview Assets.xcassets in Resources */ = {isa = PBXBuildFile; fileRef = 63818E5D28E834C10039E1DE /* Preview Assets.xcassets */; };
		63818E6528E835EB0039E1DE /* CircleImage.swift in Sources */ = {isa = PBXBuildFile; fileRef = 63818E6428E835EB0039E1DE /* CircleImage.swift */; };
		63818E6728E8363E0039E1DE /* MapView.swift in Sources */ = {isa = PBXBuildFile; fileRef = 63818E6628E8363E0039E1DE /* MapView.swift */; };
		63818E6928E837610039E1DE /* landmarkData.json in Resources */ = {isa = PBXBuildFile; fileRef = 63818E6828E837600039E1DE /* landmarkData.json */; };
		63818E6B28E837B00039E1DE /* Landmark.swift in Sources */ = {isa = PBXBuildFile; fileRef = 63818E6A28E837B00039E1DE /* Landmark.swift */; };
		63818E6D28E838A50039E1DE /* ModelData.swift in Sources */ = {isa = PBXBuildFile; fileRef = 63818E6C28E838A50039E1DE /* ModelData.swift */; };
		63818E7228E83A120039E1DE /* LandmarkRow.swift in Sources */ = {isa = PBXBuildFile; fileRef = 63818E7128E83A120039E1DE /* LandmarkRow.swift */; };
		63818E7428E83F650039E1DE /* LandmarkList.swift in Sources */ = {isa = PBXBuildFile; fileRef = 63818E7328E83F650039E1DE /* LandmarkList.swift */; };
		63818E7628E845D90039E1DE /* LandmarkDetail.swift in Sources */ = {isa = PBXBuildFile; fileRef = 63818E7528E845D90039E1DE /* LandmarkDetail.swift */; };
		63818E7828E85A0A0039E1DE /* FavoriteButton.swift in Sources */ = {isa = PBXBuildFile; fileRef = 63818E7728E85A090039E1DE /* FavoriteButton.swift */; };
		63818E7C28E988840039E1DE /* HexagonParameters.swift in Sources */ = {isa = PBXBuildFile; fileRef = 63818E7B28E988830039E1DE /* HexagonParameters.swift */; };
		63818E7E28E98B2F0039E1DE /* BadgeBackground.swift in Sources */ = {isa = PBXBuildFile; fileRef = 63818E7D28E98B2F0039E1DE /* BadgeBackground.swift */; };
		63818E8028E991930039E1DE /* BadgeSymbol.swift in Sources */ = {isa = PBXBuildFile; fileRef = 63818E7F28E991930039E1DE /* BadgeSymbol.swift */; };
		63818E8228E996BC0039E1DE /* RotatedBadgeSymbol.swift in Sources */ = {isa = PBXBuildFile; fileRef = 63818E8128E996BC0039E1DE /* RotatedBadgeSymbol.swift */; };
		63818E8428E9980D0039E1DE /* Badge.swift in Sources */ = {isa = PBXBuildFile; fileRef = 63818E8328E9980D0039E1DE /* Badge.swift */; };
		63818E8728E99BDC0039E1DE /* hikeData.json in Resources */ = {isa = PBXBuildFile; fileRef = 63818E8628E99BDC0039E1DE /* hikeData.json */; };
		63818E8928E99C160039E1DE /* Hike.swift in Sources */ = {isa = PBXBuildFile; fileRef = 63818E8828E99C160039E1DE /* Hike.swift */; };
		63818E8F28E99C950039E1DE /* GraphCapsule.swift in Sources */ = {isa = PBXBuildFile; fileRef = 63818E8B28E99C950039E1DE /* GraphCapsule.swift */; };
		63818E9028E99C950039E1DE /* HikeGraph.swift in Sources */ = {isa = PBXBuildFile; fileRef = 63818E8C28E99C950039E1DE /* HikeGraph.swift */; };
		63818E9128E99C950039E1DE /* HikeDetail.swift in Sources */ = {isa = PBXBuildFile; fileRef = 63818E8D28E99C950039E1DE /* HikeDetail.swift */; };
		63818E9228E99C950039E1DE /* HikeView.swift in Sources */ = {isa = PBXBuildFile; fileRef = 63818E8E28E99C950039E1DE /* HikeView.swift */; };
/* End PBXBuildFile section */

/* Begin PBXFileReference section */
		6350B1DF28EAF81800E30444 /* CategoryHome.swift */ = {isa = PBXFileReference; lastKnownFileType = sourcecode.swift; path = CategoryHome.swift; sourceTree = "<group>"; };
		6350B1E128EAFC4700E30444 /* CategoryRow.swift */ = {isa = PBXFileReference; lastKnownFileType = sourcecode.swift; path = CategoryRow.swift; sourceTree = "<group>"; };
		6350B1E328EAFE4700E30444 /* CategoryItem.swift */ = {isa = PBXFileReference; lastKnownFileType = sourcecode.swift; path = CategoryItem.swift; sourceTree = "<group>"; };
		6350B1E528EB06D700E30444 /* Profile.swift */ = {isa = PBXFileReference; lastKnownFileType = sourcecode.swift; path = Profile.swift; sourceTree = "<group>"; };
		6350B1E828EB07E500E30444 /* ProfileHost.swift */ = {isa = PBXFileReference; lastKnownFileType = sourcecode.swift; path = ProfileHost.swift; sourceTree = "<group>"; };
		6350B1EA28EB085C00E30444 /* ProfileSummary.swift */ = {isa = PBXFileReference; lastKnownFileType = sourcecode.swift; path = ProfileSummary.swift; sourceTree = "<group>"; };
		6350B1EC28EB09B100E30444 /* HikeBadge.swift */ = {isa = PBXFileReference; lastKnownFileType = sourcecode.swift; path = HikeBadge.swift; sourceTree = "<group>"; };
		6350B1EE28EB145D00E30444 /* ProfileEditor.swift */ = {isa = PBXFileReference; lastKnownFileType = sourcecode.swift; path = ProfileEditor.swift; sourceTree = "<group>"; };
		6350B1F128EB203600E30444 /* PageViewController.swift */ = {isa = PBXFileReference; lastKnownFileType = sourcecode.swift; path = PageViewController.swift; sourceTree = "<group>"; };
		6350B1F328EB22FC00E30444 /* FeatureCard.swift */ = {isa = PBXFileReference; lastKnownFileType = sourcecode.swift; path = FeatureCard.swift; sourceTree = "<group>"; };
		6350B1F528EB249500E30444 /* PageView.swift */ = {isa = PBXFileReference; lastKnownFileType = sourcecode.swift; path = PageView.swift; sourceTree = "<group>"; };
		6350B1F728EB2EEA00E30444 /* PageControl.swift */ = {isa = PBXFileReference; lastKnownFileType = sourcecode.swift; path = PageControl.swift; sourceTree = "<group>"; };
		63818E5328E834BF0039E1DE /* Landmarks.app */ = {isa = PBXFileReference; explicitFileType = wrapper.application; includeInIndex = 0; path = Landmarks.app; sourceTree = BUILT_PRODUCTS_DIR; };
		63818E5628E834BF0039E1DE /* LandmarksApp.swift */ = {isa = PBXFileReference; lastKnownFileType = sourcecode.swift; path = LandmarksApp.swift; sourceTree = "<group>"; };
		63818E5828E834BF0039E1DE /* ContentView.swift */ = {isa = PBXFileReference; lastKnownFileType = sourcecode.swift; path = ContentView.swift; sourceTree = "<group>"; };
		63818E5A28E834C10039E1DE /* Assets.xcassets */ = {isa = PBXFileReference; lastKnownFileType = folder.assetcatalog; path = Assets.xcassets; sourceTree = "<group>"; };
		63818E5D28E834C10039E1DE /* Preview Assets.xcassets */ = {isa = PBXFileReference; lastKnownFileType = folder.assetcatalog; path = "Preview Assets.xcassets"; sourceTree = "<group>"; };
		63818E6428E835EB0039E1DE /* CircleImage.swift */ = {isa = PBXFileReference; lastKnownFileType = sourcecode.swift; path = CircleImage.swift; sourceTree = "<group>"; };
		63818E6628E8363E0039E1DE /* MapView.swift */ = {isa = PBXFileReference; lastKnownFileType = sourcecode.swift; path = MapView.swift; sourceTree = "<group>"; };
		63818E6828E837600039E1DE /* landmarkData.json */ = {isa = PBXFileReference; fileEncoding = 4; lastKnownFileType = text.json; path = landmarkData.json; sourceTree = "<group>"; };
		63818E6A28E837B00039E1DE /* Landmark.swift */ = {isa = PBXFileReference; lastKnownFileType = sourcecode.swift; path = Landmark.swift; sourceTree = "<group>"; };
		63818E6C28E838A50039E1DE /* ModelData.swift */ = {isa = PBXFileReference; lastKnownFileType = sourcecode.swift; path = ModelData.swift; sourceTree = "<group>"; };
		63818E7128E83A120039E1DE /* LandmarkRow.swift */ = {isa = PBXFileReference; lastKnownFileType = sourcecode.swift; path = LandmarkRow.swift; sourceTree = "<group>"; };
		63818E7328E83F650039E1DE /* LandmarkList.swift */ = {isa = PBXFileReference; lastKnownFileType = sourcecode.swift; path = LandmarkList.swift; sourceTree = "<group>"; };
		63818E7528E845D90039E1DE /* LandmarkDetail.swift */ = {isa = PBXFileReference; lastKnownFileType = sourcecode.swift; path = LandmarkDetail.swift; sourceTree = "<group>"; };
		63818E7728E85A090039E1DE /* FavoriteButton.swift */ = {isa = PBXFileReference; lastKnownFileType = sourcecode.swift; path = FavoriteButton.swift; sourceTree = "<group>"; };
		63818E7B28E988830039E1DE /* HexagonParameters.swift */ = {isa = PBXFileReference; lastKnownFileType = sourcecode.swift; path = HexagonParameters.swift; sourceTree = "<group>"; };
		63818E7D28E98B2F0039E1DE /* BadgeBackground.swift */ = {isa = PBXFileReference; lastKnownFileType = sourcecode.swift; path = BadgeBackground.swift; sourceTree = "<group>"; };
		63818E7F28E991930039E1DE /* BadgeSymbol.swift */ = {isa = PBXFileReference; lastKnownFileType = sourcecode.swift; path = BadgeSymbol.swift; sourceTree = "<group>"; };
		63818E8128E996BC0039E1DE /* RotatedBadgeSymbol.swift */ = {isa = PBXFileReference; lastKnownFileType = sourcecode.swift; path = RotatedBadgeSymbol.swift; sourceTree = "<group>"; };
		63818E8328E9980D0039E1DE /* Badge.swift */ = {isa = PBXFileReference; lastKnownFileType = sourcecode.swift; path = Badge.swift; sourceTree = "<group>"; };
		63818E8628E99BDC0039E1DE /* hikeData.json */ = {isa = PBXFileReference; fileEncoding = 4; lastKnownFileType = text.json; path = hikeData.json; sourceTree = "<group>"; };
		63818E8828E99C160039E1DE /* Hike.swift */ = {isa = PBXFileReference; lastKnownFileType = sourcecode.swift; path = Hike.swift; sourceTree = "<group>"; };
		63818E8B28E99C950039E1DE /* GraphCapsule.swift */ = {isa = PBXFileReference; fileEncoding = 4; lastKnownFileType = sourcecode.swift; path = GraphCapsule.swift; sourceTree = "<group>"; };
		63818E8C28E99C950039E1DE /* HikeGraph.swift */ = {isa = PBXFileReference; fileEncoding = 4; lastKnownFileType = sourcecode.swift; path = HikeGraph.swift; sourceTree = "<group>"; };
		63818E8D28E99C950039E1DE /* HikeDetail.swift */ = {isa = PBXFileReference; fileEncoding = 4; lastKnownFileType = sourcecode.swift; path = HikeDetail.swift; sourceTree = "<group>"; };
		63818E8E28E99C950039E1DE /* HikeView.swift */ = {isa = PBXFileReference; fileEncoding = 4; lastKnownFileType = sourcecode.swift; path = HikeView.swift; sourceTree = "<group>"; };
/* End PBXFileReference section */

/* Begin PBXFrameworksBuildPhase section */
		63818E5028E834BE0039E1DE /* Frameworks */ = {
			isa = PBXFrameworksBuildPhase;
			buildActionMask = 2147483647;
			files = (
			);
			runOnlyForDeploymentPostprocessing = 0;
		};
/* End PBXFrameworksBuildPhase section */

/* Begin PBXGroup section */
		6350B1DE28EAF7DF00E30444 /* Categories */ = {
			isa = PBXGroup;
			children = (
				6350B1DF28EAF81800E30444 /* CategoryHome.swift */,
				6350B1E128EAFC4700E30444 /* CategoryRow.swift */,
				6350B1E328EAFE4700E30444 /* CategoryItem.swift */,
			);
			path = Categories;
			sourceTree = "<group>";
		};
		6350B1E728EB07C800E30444 /* Profiles */ = {
			isa = PBXGroup;
			children = (
				6350B1E828EB07E500E30444 /* ProfileHost.swift */,
				6350B1EA28EB085C00E30444 /* ProfileSummary.swift */,
				6350B1EE28EB145D00E30444 /* ProfileEditor.swift */,
			);
			path = Profiles;
			sourceTree = "<group>";
		};
		6350B1F028EB200600E30444 /* PageView */ = {
			isa = PBXGroup;
			children = (
				6350B1F128EB203600E30444 /* PageViewController.swift */,
				6350B1F528EB249500E30444 /* PageView.swift */,
				6350B1F728EB2EEA00E30444 /* PageControl.swift */,
			);
			path = PageView;
			sourceTree = "<group>";
		};
		63818E4A28E834BE0039E1DE = {
			isa = PBXGroup;
			children = (
				63818E5528E834BF0039E1DE /* Landmarks */,
				63818E5428E834BF0039E1DE /* Products */,
			);
			sourceTree = "<group>";
		};
		63818E5428E834BF0039E1DE /* Products */ = {
			isa = PBXGroup;
			children = (
				63818E5328E834BF0039E1DE /* Landmarks.app */,
			);
			name = Products;
			sourceTree = "<group>";
		};
		63818E5528E834BF0039E1DE /* Landmarks */ = {
			isa = PBXGroup;
			children = (
				63818E5628E834BF0039E1DE /* LandmarksApp.swift */,
				63818E6E28E839420039E1DE /* Views */,
				63818E5A28E834C10039E1DE /* Assets.xcassets */,
				63818E7028E839820039E1DE /* Resources */,
				63818E6F28E839670039E1DE /* Model */,
				63818E5C28E834C10039E1DE /* Preview Content */,
			);
			path = Landmarks;
			sourceTree = "<group>";
		};
		63818E5C28E834C10039E1DE /* Preview Content */ = {
			isa = PBXGroup;
			children = (
				63818E5D28E834C10039E1DE /* Preview Assets.xcassets */,
			);
			path = "Preview Content";
			sourceTree = "<group>";
		};
		63818E6E28E839420039E1DE /* Views */ = {
			isa = PBXGroup;
			children = (
				6350B1F028EB200600E30444 /* PageView */,
				6350B1E728EB07C800E30444 /* Profiles */,
				6350B1DE28EAF7DF00E30444 /* Categories */,
				63818E8A28E99C950039E1DE /* Hikes */,
				63818E8528E999A00039E1DE /* Badges */,
				63818E5828E834BF0039E1DE /* ContentView.swift */,
				63818E7A28E85B4F0039E1DE /* Helpers */,
				63818E7928E85B370039E1DE /* Landmarks */,
				6350B1F328EB22FC00E30444 /* FeatureCard.swift */,
			);
			path = Views;
			sourceTree = "<group>";
		};
		63818E6F28E839670039E1DE /* Model */ = {
			isa = PBXGroup;
			children = (
				63818E6A28E837B00039E1DE /* Landmark.swift */,
				63818E6C28E838A50039E1DE /* ModelData.swift */,
				63818E8828E99C160039E1DE /* Hike.swift */,
				6350B1E528EB06D700E30444 /* Profile.swift */,
			);
			path = Model;
			sourceTree = "<group>";
		};
		63818E7028E839820039E1DE /* Resources */ = {
			isa = PBXGroup;
			children = (
				63818E8628E99BDC0039E1DE /* hikeData.json */,
				63818E6828E837600039E1DE /* landmarkData.json */,
			);
			path = Resources;
			sourceTree = "<group>";
		};
		63818E7928E85B370039E1DE /* Landmarks */ = {
			isa = PBXGroup;
			children = (
				63818E7128E83A120039E1DE /* LandmarkRow.swift */,
				63818E7328E83F650039E1DE /* LandmarkList.swift */,
				63818E7528E845D90039E1DE /* LandmarkDetail.swift */,
			);
			path = Landmarks;
			sourceTree = "<group>";
		};
		63818E7A28E85B4F0039E1DE /* Helpers */ = {
			isa = PBXGroup;
			children = (
				63818E6428E835EB0039E1DE /* CircleImage.swift */,
				63818E7728E85A090039E1DE /* FavoriteButton.swift */,
				63818E6628E8363E0039E1DE /* MapView.swift */,
			);
			path = Helpers;
			sourceTree = "<group>";
		};
		63818E8528E999A00039E1DE /* Badges */ = {
			isa = PBXGroup;
			children = (
				63818E8128E996BC0039E1DE /* RotatedBadgeSymbol.swift */,
				63818E7D28E98B2F0039E1DE /* BadgeBackground.swift */,
				63818E7B28E988830039E1DE /* HexagonParameters.swift */,
				63818E7F28E991930039E1DE /* BadgeSymbol.swift */,
				63818E8328E9980D0039E1DE /* Badge.swift */,
			);
			path = Badges;
			sourceTree = "<group>";
		};
		63818E8A28E99C950039E1DE /* Hikes */ = {
			isa = PBXGroup;
			children = (
				63818E8B28E99C950039E1DE /* GraphCapsule.swift */,
				63818E8C28E99C950039E1DE /* HikeGraph.swift */,
				63818E8D28E99C950039E1DE /* HikeDetail.swift */,
				63818E8E28E99C950039E1DE /* HikeView.swift */,
				6350B1EC28EB09B100E30444 /* HikeBadge.swift */,
			);
			path = Hikes;
			sourceTree = "<group>";
		};
/* End PBXGroup section */

/* Begin PBXNativeTarget section */
		63818E5228E834BE0039E1DE /* Landmarks */ = {
			isa = PBXNativeTarget;
			buildConfigurationList = 63818E6128E834C10039E1DE /* Build configuration list for PBXNativeTarget "Landmarks" */;
			buildPhases = (
				63818E4F28E834BE0039E1DE /* Sources */,
				63818E5028E834BE0039E1DE /* Frameworks */,
				63818E5128E834BE0039E1DE /* Resources */,
			);
			buildRules = (
			);
			dependencies = (
			);
			name = Landmarks;
			productName = Landmarks;
			productReference = 63818E5328E834BF0039E1DE /* Landmarks.app */;
			productType = "com.apple.product-type.application";
		};
/* End PBXNativeTarget section */

/* Begin PBXProject section */
		63818E4B28E834BE0039E1DE /* Project object */ = {
			isa = PBXProject;
			attributes = {
				BuildIndependentTargetsInParallel = 1;
				LastSwiftUpdateCheck = 1340;
				LastUpgradeCheck = 1340;
				TargetAttributes = {
					63818E5228E834BE0039E1DE = {
						CreatedOnToolsVersion = 13.4.1;
					};
				};
			};
			buildConfigurationList = 63818E4E28E834BE0039E1DE /* Build configuration list for PBXProject "Landmarks" */;
			compatibilityVersion = "Xcode 13.0";
			developmentRegion = en;
			hasScannedForEncodings = 0;
			knownRegions = (
				en,
				Base,
			);
			mainGroup = 63818E4A28E834BE0039E1DE;
			productRefGroup = 63818E5428E834BF0039E1DE /* Products */;
			projectDirPath = "";
			projectRoot = "";
			targets = (
				63818E5228E834BE0039E1DE /* Landmarks */,
			);
		};
/* End PBXProject section */

/* Begin PBXResourcesBuildPhase section */
		63818E5128E834BE0039E1DE /* Resources */ = {
			isa = PBXResourcesBuildPhase;
			buildActionMask = 2147483647;
			files = (
				63818E8728E99BDC0039E1DE /* hikeData.json in Resources */,
				63818E5E28E834C10039E1DE /* Preview Assets.xcassets in Resources */,
				63818E5B28E834C10039E1DE /* Assets.xcassets in Resources */,
				63818E6928E837610039E1DE /* landmarkData.json in Resources */,
			);
			runOnlyForDeploymentPostprocessing = 0;
		};
/* End PBXResourcesBuildPhase section */

/* Begin PBXSourcesBuildPhase section */
		63818E4F28E834BE0039E1DE /* Sources */ = {
			isa = PBXSourcesBuildPhase;
			buildActionMask = 2147483647;
			files = (
				6350B1E228EAFC4700E30444 /* CategoryRow.swift in Sources */,
				6350B1E628EB06D700E30444 /* Profile.swift in Sources */,
				63818E5928E834BF0039E1DE /* ContentView.swift in Sources */,
				6350B1E028EAF81800E30444 /* CategoryHome.swift in Sources */,
				6350B1F428EB22FC00E30444 /* FeatureCard.swift in Sources */,
				63818E9028E99C950039E1DE /* HikeGraph.swift in Sources */,
				63818E8428E9980D0039E1DE /* Badge.swift in Sources */,
				63818E6728E8363E0039E1DE /* MapView.swift in Sources */,
				63818E8F28E99C950039E1DE /* GraphCapsule.swift in Sources */,
				63818E5728E834BF0039E1DE /* LandmarksApp.swift in Sources */,
				6350B1F828EB2EEA00E30444 /* PageControl.swift in Sources */,
				63818E7828E85A0A0039E1DE /* FavoriteButton.swift in Sources */,
				6350B1E428EAFE4700E30444 /* CategoryItem.swift in Sources */,
				63818E9128E99C950039E1DE /* HikeDetail.swift in Sources */,
				6350B1EB28EB085C00E30444 /* ProfileSummary.swift in Sources */,
				63818E7C28E988840039E1DE /* HexagonParameters.swift in Sources */,
				6350B1E928EB07E500E30444 /* ProfileHost.swift in Sources */,
				63818E8928E99C160039E1DE /* Hike.swift in Sources */,
				63818E8228E996BC0039E1DE /* RotatedBadgeSymbol.swift in Sources */,
				6350B1F628EB249500E30444 /* PageView.swift in Sources */,
				63818E8028E991930039E1DE /* BadgeSymbol.swift in Sources */,
				6350B1EF28EB145E00E30444 /* ProfileEditor.swift in Sources */,
				63818E7428E83F650039E1DE /* LandmarkList.swift in Sources */,
				63818E9228E99C950039E1DE /* HikeView.swift in Sources */,
				63818E7628E845D90039E1DE /* LandmarkDetail.swift in Sources */,
				6350B1F228EB203600E30444 /* PageViewController.swift in Sources */,
				63818E7E28E98B2F0039E1DE /* BadgeBackground.swift in Sources */,
				6350B1ED28EB09B100E30444 /* HikeBadge.swift in Sources */,
				63818E6528E835EB0039E1DE /* CircleImage.swift in Sources */,
				63818E6B28E837B00039E1DE /* Landmark.swift in Sources */,
				63818E7228E83A120039E1DE /* LandmarkRow.swift in Sources */,
				63818E6D28E838A50039E1DE /* ModelData.swift in Sources */,
			);
			runOnlyForDeploymentPostprocessing = 0;
		};
/* End PBXSourcesBuildPhase section */

/* Begin XCBuildConfiguration section */
		63818E5F28E834C10039E1DE /* Debug */ = {
			isa = XCBuildConfiguration;
			buildSettings = {
				ALWAYS_SEARCH_USER_PATHS = NO;
				CLANG_ANALYZER_NONNULL = YES;
				CLANG_ANALYZER_NUMBER_OBJECT_CONVERSION = YES_AGGRESSIVE;
				CLANG_CXX_LANGUAGE_STANDARD = "gnu++17";
				CLANG_ENABLE_MODULES = YES;
				CLANG_ENABLE_OBJC_ARC = YES;
				CLANG_ENABLE_OBJC_WEAK = YES;
				CLANG_WARN_BLOCK_CAPTURE_AUTORELEASING = YES;
				CLANG_WARN_BOOL_CONVERSION = YES;
				CLANG_WARN_COMMA = YES;
				CLANG_WARN_CONSTANT_CONVERSION = YES;
				CLANG_WARN_DEPRECATED_OBJC_IMPLEMENTATIONS = YES;
				CLANG_WARN_DIRECT_OBJC_ISA_USAGE = YES_ERROR;
				CLANG_WARN_DOCUMENTATION_COMMENTS = YES;
				CLANG_WARN_EMPTY_BODY = YES;
				CLANG_WARN_ENUM_CONVERSION = YES;
				CLANG_WARN_INFINITE_RECURSION = YES;
				CLANG_WARN_INT_CONVERSION = YES;
				CLANG_WARN_NON_LITERAL_NULL_CONVERSION = YES;
				CLANG_WARN_OBJC_IMPLICIT_RETAIN_SELF = YES;
				CLANG_WARN_OBJC_LITERAL_CONVERSION = YES;
				CLANG_WARN_OBJC_ROOT_CLASS = YES_ERROR;
				CLANG_WARN_QUOTED_INCLUDE_IN_FRAMEWORK_HEADER = YES;
				CLANG_WARN_RANGE_LOOP_ANALYSIS = YES;
				CLANG_WARN_STRICT_PROTOTYPES = YES;
				CLANG_WARN_SUSPICIOUS_MOVE = YES;
				CLANG_WARN_UNGUARDED_AVAILABILITY = YES_AGGRESSIVE;
				CLANG_WARN_UNREACHABLE_CODE = YES;
				CLANG_WARN__DUPLICATE_METHOD_MATCH = YES;
				COPY_PHASE_STRIP = NO;
				DEBUG_INFORMATION_FORMAT = dwarf;
				ENABLE_STRICT_OBJC_MSGSEND = YES;
				ENABLE_TESTABILITY = YES;
				GCC_C_LANGUAGE_STANDARD = gnu11;
				GCC_DYNAMIC_NO_PIC = NO;
				GCC_NO_COMMON_BLOCKS = YES;
				GCC_OPTIMIZATION_LEVEL = 0;
				GCC_PREPROCESSOR_DEFINITIONS = (
					"DEBUG=1",
					"$(inherited)",
				);
				GCC_WARN_64_TO_32_BIT_CONVERSION = YES;
				GCC_WARN_ABOUT_RETURN_TYPE = YES_ERROR;
				GCC_WARN_UNDECLARED_SELECTOR = YES;
				GCC_WARN_UNINITIALIZED_AUTOS = YES_AGGRESSIVE;
				GCC_WARN_UNUSED_FUNCTION = YES;
				GCC_WARN_UNUSED_VARIABLE = YES;
				IPHONEOS_DEPLOYMENT_TARGET = 15.5;
				MTL_ENABLE_DEBUG_INFO = INCLUDE_SOURCE;
				MTL_FAST_MATH = YES;
				ONLY_ACTIVE_ARCH = YES;
				SDKROOT = iphoneos;
				SWIFT_ACTIVE_COMPILATION_CONDITIONS = DEBUG;
				SWIFT_OPTIMIZATION_LEVEL = "-Onone";
			};
			name = Debug;
		};
		63818E6028E834C10039E1DE /* Release */ = {
			isa = XCBuildConfiguration;
			buildSettings = {
				ALWAYS_SEARCH_USER_PATHS = NO;
				CLANG_ANALYZER_NONNULL = YES;
				CLANG_ANALYZER_NUMBER_OBJECT_CONVERSION = YES_AGGRESSIVE;
				CLANG_CXX_LANGUAGE_STANDARD = "gnu++17";
				CLANG_ENABLE_MODULES = YES;
				CLANG_ENABLE_OBJC_ARC = YES;
				CLANG_ENABLE_OBJC_WEAK = YES;
				CLANG_WARN_BLOCK_CAPTURE_AUTORELEASING = YES;
				CLANG_WARN_BOOL_CONVERSION = YES;
				CLANG_WARN_COMMA = YES;
				CLANG_WARN_CONSTANT_CONVERSION = YES;
				CLANG_WARN_DEPRECATED_OBJC_IMPLEMENTATIONS = YES;
				CLANG_WARN_DIRECT_OBJC_ISA_USAGE = YES_ERROR;
				CLANG_WARN_DOCUMENTATION_COMMENTS = YES;
				CLANG_WARN_EMPTY_BODY = YES;
				CLANG_WARN_ENUM_CONVERSION = YES;
				CLANG_WARN_INFINITE_RECURSION = YES;
				CLANG_WARN_INT_CONVERSION = YES;
				CLANG_WARN_NON_LITERAL_NULL_CONVERSION = YES;
				CLANG_WARN_OBJC_IMPLICIT_RETAIN_SELF = YES;
				CLANG_WARN_OBJC_LITERAL_CONVERSION = YES;
				CLANG_WARN_OBJC_ROOT_CLASS = YES_ERROR;
				CLANG_WARN_QUOTED_INCLUDE_IN_FRAMEWORK_HEADER = YES;
				CLANG_WARN_RANGE_LOOP_ANALYSIS = YES;
				CLANG_WARN_STRICT_PROTOTYPES = YES;
				CLANG_WARN_SUSPICIOUS_MOVE = YES;
				CLANG_WARN_UNGUARDED_AVAILABILITY = YES_AGGRESSIVE;
				CLANG_WARN_UNREACHABLE_CODE = YES;
				CLANG_WARN__DUPLICATE_METHOD_MATCH = YES;
				COPY_PHASE_STRIP = NO;
				DEBUG_INFORMATION_FORMAT = "dwarf-with-dsym";
				ENABLE_NS_ASSERTIONS = NO;
				ENABLE_STRICT_OBJC_MSGSEND = YES;
				GCC_C_LANGUAGE_STANDARD = gnu11;
				GCC_NO_COMMON_BLOCKS = YES;
				GCC_WARN_64_TO_32_BIT_CONVERSION = YES;
				GCC_WARN_ABOUT_RETURN_TYPE = YES_ERROR;
				GCC_WARN_UNDECLARED_SELECTOR = YES;
				GCC_WARN_UNINITIALIZED_AUTOS = YES_AGGRESSIVE;
				GCC_WARN_UNUSED_FUNCTION = YES;
				GCC_WARN_UNUSED_VARIABLE = YES;
				IPHONEOS_DEPLOYMENT_TARGET = 15.5;
				MTL_ENABLE_DEBUG_INFO = NO;
				MTL_FAST_MATH = YES;
				SDKROOT = iphoneos;
				SWIFT_COMPILATION_MODE = wholemodule;
				SWIFT_OPTIMIZATION_LEVEL = "-O";
				VALIDATE_PRODUCT = YES;
			};
			name = Release;
		};
		63818E6228E834C10039E1DE /* Debug */ = {
			isa = XCBuildConfiguration;
			buildSettings = {
				ASSETCATALOG_COMPILER_APPICON_NAME = AppIcon;
				ASSETCATALOG_COMPILER_GLOBAL_ACCENT_COLOR_NAME = AccentColor;
				CODE_SIGN_STYLE = Automatic;
				CURRENT_PROJECT_VERSION = 1;
				DEVELOPMENT_ASSET_PATHS = "\"Landmarks/Preview Content\"";
				DEVELOPMENT_TEAM = UXRH35BV4N;
				ENABLE_PREVIEWS = YES;
				GENERATE_INFOPLIST_FILE = YES;
				INFOPLIST_KEY_UIApplicationSceneManifest_Generation = YES;
				INFOPLIST_KEY_UIApplicationSupportsIndirectInputEvents = YES;
				INFOPLIST_KEY_UILaunchScreen_Generation = YES;
				INFOPLIST_KEY_UISupportedInterfaceOrientations_iPad = "UIInterfaceOrientationPortrait UIInterfaceOrientationPortraitUpsideDown UIInterfaceOrientationLandscapeLeft UIInterfaceOrientationLandscapeRight";
				INFOPLIST_KEY_UISupportedInterfaceOrientations_iPhone = "UIInterfaceOrientationPortrait UIInterfaceOrientationLandscapeLeft UIInterfaceOrientationLandscapeRight";
				IPHONEOS_DEPLOYMENT_TARGET = 15.0;
				LD_RUNPATH_SEARCH_PATHS = (
					"$(inherited)",
					"@executable_path/Frameworks",
				);
				MARKETING_VERSION = 1.0;
				PRODUCT_BUNDLE_IDENTIFIER = com.learn.Landmarks2;
				PRODUCT_NAME = "$(TARGET_NAME)";
				SWIFT_EMIT_LOC_STRINGS = YES;
				SWIFT_VERSION = 5.0;
				TARGETED_DEVICE_FAMILY = "1,2";
			};
			name = Debug;
		};
		63818E6328E834C10039E1DE /* Release */ = {
			isa = XCBuildConfiguration;
			buildSettings = {
				ASSETCATALOG_COMPILER_APPICON_NAME = AppIcon;
				ASSETCATALOG_COMPILER_GLOBAL_ACCENT_COLOR_NAME = AccentColor;
				CODE_SIGN_STYLE = Automatic;
				CURRENT_PROJECT_VERSION = 1;
				DEVELOPMENT_ASSET_PATHS = "\"Landmarks/Preview Content\"";
				DEVELOPMENT_TEAM = UXRH35BV4N;
				ENABLE_PREVIEWS = YES;
				GENERATE_INFOPLIST_FILE = YES;
				INFOPLIST_KEY_UIApplicationSceneManifest_Generation = YES;
				INFOPLIST_KEY_UIApplicationSupportsIndirectInputEvents = YES;
				INFOPLIST_KEY_UILaunchScreen_Generation = YES;
				INFOPLIST_KEY_UISupportedInterfaceOrientations_iPad = "UIInterfaceOrientationPortrait UIInterfaceOrientationPortraitUpsideDown UIInterfaceOrientationLandscapeLeft UIInterfaceOrientationLandscapeRight";
				INFOPLIST_KEY_UISupportedInterfaceOrientations_iPhone = "UIInterfaceOrientationPortrait UIInterfaceOrientationLandscapeLeft UIInterfaceOrientationLandscapeRight";
				IPHONEOS_DEPLOYMENT_TARGET = 15.0;
				LD_RUNPATH_SEARCH_PATHS = (
					"$(inherited)",
					"@executable_path/Frameworks",
				);
				MARKETING_VERSION = 1.0;
				PRODUCT_BUNDLE_IDENTIFIER = com.learn.Landmarks2;
				PRODUCT_NAME = "$(TARGET_NAME)";
				SWIFT_EMIT_LOC_STRINGS = YES;
				SWIFT_VERSION = 5.0;
				TARGETED_DEVICE_FAMILY = "1,2";
			};
			name = Release;
		};
/* End XCBuildConfiguration section */

/* Begin XCConfigurationList section */
		63818E4E28E834BE0039E1DE /* Build configuration list for PBXProject "Landmarks" */ = {
			isa = XCConfigurationList;
			buildConfigurations = (
				63818E5F28E834C10039E1DE /* Debug */,
				63818E6028E834C10039E1DE /* Release */,
			);
			defaultConfigurationIsVisible = 0;
			defaultConfigurationName = Release;
		};
		63818E6128E834C10039E1DE /* Build configuration list for PBXNativeTarget "Landmarks" */ = {
			isa = XCConfigurationList;
			buildConfigurations = (
				63818E6228E834C10039E1DE /* Debug */,
				63818E6328E834C10039E1DE /* Release */,
			);
			defaultConfigurationIsVisible = 0;
			defaultConfigurationName = Release;
		};
/* End XCConfigurationList section */
	};
	rootObject = 63818E4B28E834BE0039E1DE /* Project object */;
}
